
Microsoft Visual Studio Solution File, Format Version 12.00
# Visual Studio Version 16
VisualStudioVersion = 16.0.30011.22
MinimumVisualStudioVersion = 10.0.40219.1
Project("{9A19103F-16F7-4668-BE54-9A1E7A4F7556}") = "TestTask", "TestTask\TestTask.csproj", "{B3745677-6547-4A99-8845-C71FA9BE7FBC}"
EndProject
Global
	GlobalSection(SolutionConfigurationPlatforms) = preSolution
		Debug|Any CPU = Debug|Any CPU
		Release|Any CPU = Release|Any CPU
	EndGlobalSection
	GlobalSection(ProjectConfigurationPlatforms) = postSolution
		{B3745677-6547-4A99-8845-C71FA9BE7FBC}.Debug|Any CPU.ActiveCfg = Debug|Any CPU
		{B3745677-6547-4A99-8845-C71FA9BE7FBC}.Debug|Any CPU.Build.0 = Debug|Any CPU
		{B3745677-6547-4A99-8845-C71FA9BE7FBC}.Release|Any CPU.ActiveCfg = Release|Any CPU
		{B3745677-6547-4A99-8845-C71FA9BE7FBC}.Release|Any CPU.Build.0 = Release|Any CPU
	EndGlobalSection
	GlobalSection(SolutionProperties) = preSolution
		HideSolutionNode = FALSE
	EndGlobalSection
	GlobalSection(ExtensibilityGlobals) = postSolution
		SolutionGuid = {C2723C84-E61D-4684-9AC0-B3DE233E7A72}
	EndGlobalSection
EndGlobal
